
Microsoft Visual Studio Solution File, Format Version 12.00
# Visual Studio Version 16
VisualStudioVersion = 16.0.31424.327
MinimumVisualStudioVersion = 10.0.40219.1
Project("{FAE04EC0-301F-11D3-BF4B-00C04F79EFBC}") = "TCPServer", "Task2\TCPServer.csproj", "{9A12294D-BFCB-415C-8C9A-B73C4C98D4A1}"
EndProject
Project("{FAE04EC0-301F-11D3-BF4B-00C04F79EFBC}") = "TCPClient1", "TCPClient1\TCPClient1.csproj", "{ECD723D8-B605-4E4A-8AEF-AB84A045E09B}"
EndProject
Project("{FAE04EC0-301F-11D3-BF4B-00C04F79EFBC}") = "TCPClient2", "TCPClient2\TCPClient2.csproj", "{009273B7-DA0B-42BE-99E6-42BE53C30574}"
EndProject
Global
	GlobalSection(SolutionConfigurationPlatforms) = preSolution
		Debug|Any CPU = Debug|Any CPU
		Release|Any CPU = Release|Any CPU
	EndGlobalSection
	GlobalSection(ProjectConfigurationPlatforms) = postSolution
		{9A12294D-BFCB-415C-8C9A-B73C4C98D4A1}.Debug|Any CPU.ActiveCfg = Debug|Any CPU
		{9A12294D-BFCB-415C-8C9A-B73C4C98D4A1}.Debug|Any CPU.Build.0 = Debug|Any CPU
		{9A12294D-BFCB-415C-8C9A-B73C4C98D4A1}.Release|Any CPU.ActiveCfg = Release|Any CPU
		{9A12294D-BFCB-415C-8C9A-B73C4C98D4A1}.Release|Any CPU.Build.0 = Release|Any CPU
		{ECD723D8-B605-4E4A-8AEF-AB84A045E09B}.Debug|Any CPU.ActiveCfg = Debug|Any CPU
		{ECD723D8-B605-4E4A-8AEF-AB84A045E09B}.Debug|Any CPU.Build.0 = Debug|Any CPU
		{ECD723D8-B605-4E4A-8AEF-AB84A045E09B}.Release|Any CPU.ActiveCfg = Release|Any CPU
		{ECD723D8-B605-4E4A-8AEF-AB84A045E09B}.Release|Any CPU.Build.0 = Release|Any CPU
		{009273B7-DA0B-42BE-99E6-42BE53C30574}.Debug|Any CPU.ActiveCfg = Debug|Any CPU
		{009273B7-DA0B-42BE-99E6-42BE53C30574}.Debug|Any CPU.Build.0 = Debug|Any CPU
		{009273B7-DA0B-42BE-99E6-42BE53C30574}.Release|Any CPU.ActiveCfg = Release|Any CPU
		{009273B7-DA0B-42BE-99E6-42BE53C30574}.Release|Any CPU.Build.0 = Release|Any CPU
	EndGlobalSection
	GlobalSection(SolutionProperties) = preSolution
		HideSolutionNode = FALSE
	EndGlobalSection
	GlobalSection(ExtensibilityGlobals) = postSolution
		SolutionGuid = {7CE1E708-48FD-49BA-9C6D-39DE8EDD6403}
	EndGlobalSection
EndGlobal
